{
  "name": "ps-admin",
  "version": "0.0.9",
  "lockfileVersion": 1,
  "requires": true,
  "dependencies": {
    "ts-md5": {
      "version": "1.2.2",
      "resolved": "https://registry.npmjs.org/ts-md5/-/ts-md5-1.2.2.tgz",
      "integrity": "sha512-rTjX9/xTOvAcKC7TIsahiSdeyXgMtKa4wd6iClduCWeVoj41Q/HX5oYLkJzHQktW/DHbBjUatoFj0Q481N/Idw=="
    }
  }
}
