{
  "name": "ps-admin",
  "version": "0.0.9",
  "lockfileVersion": 1,
  "requires": true,
  "dependencies": {
    "bootstrap": {
      "version": "4.0.0-beta.2",
      "resolved": "https://registry.npmjs.org/bootstrap/-/bootstrap-4.0.0-beta.2.tgz",
      "integrity": "sha512-DzGtdTlKbrMoGMpz0LigKSqJ+MgtFKxA791PU/q062OlRG0HybNZcTLH7rpDAmLS66Y3esN9yzKHLLbqa5UR3w=="
    },
    "ngx-bootstrap": {
      "version": "2.0.2",
      "resolved": "https://registry.npmjs.org/ngx-bootstrap/-/ngx-bootstrap-2.0.2.tgz",
      "integrity": "sha512-4ZTltcStUED2JzI9Hd1+FDaMQmukzbeBSS02hdTvuUJ+9hNtGLMSPGdPNRIniIyItzv3v3emJrAAtKkvOMxyCA=="
    },
    "ts-md5": {
      "version": "1.2.2",
      "resolved": "https://registry.npmjs.org/ts-md5/-/ts-md5-1.2.2.tgz",
      "integrity": "sha512-rTjX9/xTOvAcKC7TIsahiSdeyXgMtKa4wd6iClduCWeVoj41Q/HX5oYLkJzHQktW/DHbBjUatoFj0Q481N/Idw=="
    }
  }
}
